{
  "name": "@stolostron/image-builder",
  "version": "0.0.1",
  "lockfileVersion": 2,
  "requires": true,
  "packages": {
    "": {
      "name": "@stolostron/image-builder",
      "version": "0.0.1",
      "license": "SEE LICENSE IN LICENSE",
      "dependencies": {
        "yarn": "^1.22.13"
      }
    },
    "node_modules/yarn": {
      "version": "1.22.13",
      "resolved": "https://registry.npmjs.org/yarn/-/yarn-1.22.13.tgz",
      "integrity": "sha512-G8qG4t7Ef5cLVpzbM3HWWsow4hpfeSCfKtMnjfERmp9V5qSCOKz0uGAIQCM/x3gWfCzH8Bvb4hl3ZfhG/XD1Jg==",
      "hasInstallScript": true,
      "bin": {
        "yarn": "bin/yarn.js",
        "yarnpkg": "bin/yarn.js"
      },
      "engines": {
        "node": ">=4.0.0"
      }
    }
  },
  "dependencies": {
    "yarn": {
      "version": "1.22.13",
      "resolved": "https://registry.npmjs.org/yarn/-/yarn-1.22.13.tgz",
      "integrity": "sha512-G8qG4t7Ef5cLVpzbM3HWWsow4hpfeSCfKtMnjfERmp9V5qSCOKz0uGAIQCM/x3gWfCzH8Bvb4hl3ZfhG/XD1Jg=="
    }
  }
}
